
Microsoft Visual Studio Solution File, Format Version 12.00
# Visual Studio 15
VisualStudioVersion = 15.0.27703.2042
MinimumVisualStudioVersion = 10.0.40219.1
Project("{FAE04EC0-301F-11D3-BF4B-00C04F79EFBC}") = "PlaylistComparer", "PlaylistComparer\PlaylistComparer.csproj", "{D4E213BD-E573-4C55-8EE6-4282725EADF7}"
EndProject
Project("{FAE04EC0-301F-11D3-BF4B-00C04F79EFBC}") = "ArtistCounter", "Artist Counter\ArtistCounter.csproj", "{FD407581-0E8A-49A3-B650-C982FF1570CC}"
EndProject
Global
	GlobalSection(SolutionConfigurationPlatforms) = preSolution
		Debug|Any CPU = Debug|Any CPU
		Release|Any CPU = Release|Any CPU
	EndGlobalSection
	GlobalSection(ProjectConfigurationPlatforms) = postSolution
		{D4E213BD-E573-4C55-8EE6-4282725EADF7}.Debug|Any CPU.ActiveCfg = Debug|Any CPU
		{D4E213BD-E573-4C55-8EE6-4282725EADF7}.Debug|Any CPU.Build.0 = Debug|Any CPU
		{D4E213BD-E573-4C55-8EE6-4282725EADF7}.Release|Any CPU.ActiveCfg = Release|Any CPU
		{D4E213BD-E573-4C55-8EE6-4282725EADF7}.Release|Any CPU.Build.0 = Release|Any CPU
		{FD407581-0E8A-49A3-B650-C982FF1570CC}.Debug|Any CPU.ActiveCfg = Debug|Any CPU
		{FD407581-0E8A-49A3-B650-C982FF1570CC}.Debug|Any CPU.Build.0 = Debug|Any CPU
		{FD407581-0E8A-49A3-B650-C982FF1570CC}.Release|Any CPU.ActiveCfg = Release|Any CPU
		{FD407581-0E8A-49A3-B650-C982FF1570CC}.Release|Any CPU.Build.0 = Release|Any CPU
	EndGlobalSection
	GlobalSection(SolutionProperties) = preSolution
		HideSolutionNode = FALSE
	EndGlobalSection
	GlobalSection(ExtensibilityGlobals) = postSolution
		SolutionGuid = {7D3B8CFF-3C70-40F0-8244-E8054A95B2E6}
	EndGlobalSection
EndGlobal
